{
  "name": "riv25-codetalk-typescript",
  "version": "1.0.0",
  "lockfileVersion": 3,
  "requires": true,
  "packages": {
    "": {
      "name": "riv25-codetalk-typescript",
      "version": "1.0.0"
    },
    "ch01/cdk": {
      "name": "ch01-dat404-cdk",
      "version": "1.0.0",
      "extraneous": true,
      "dependencies": {
        "aws-cdk-lib": "^2.0.0",
        "constructs": "^10.0.0",
        "source-map-support": "^0.5.21"
      },
      "bin": {
        "dat404-cdk": "bin/dat404-cdk.js"
      },
      "devDependencies": {
        "@types/node": "^20.0.0",
        "aws-cdk": "^2.0.0",
        "esbuild": "^0.19.0",
        "ts-node": "^10.9.0",
        "typescript": "^5.0.0"
      }
    },
    "ch01/lambda": {
      "name": "ch01-lambda",
      "version": "1.0.0",
      "extraneous": true,
      "dependencies": {
        "@aws-sdk/dsql-signer": "^3.0.0",
        "pg": "^8.11.3"
      },
      "devDependencies": {
        "@types/aws-lambda": "^8.10.0",
        "@types/node": "^20.0.0",
        "@types/pg": "^8.10.0",
        "typescript": "^5.3.0"
      }
    },
    "ch02/cdk": {
      "name": "ch02-dat404-cdk",
      "version": "1.0.0",
      "extraneous": true,
      "dependencies": {
        "aws-cdk-lib": "^2.0.0",
        "constructs": "^10.0.0",
        "source-map-support": "^0.5.21"
      },
      "bin": {
        "dat404-cdk": "bin/dat404-cdk.js"
      },
      "devDependencies": {
        "@types/node": "^20.0.0",
        "aws-cdk": "^2.0.0",
        "esbuild": "^0.19.0",
        "ts-node": "^10.9.0",
        "typescript": "^5.0.0"
      }
    },
    "ch02/lambda": {
      "name": "ch02-lambda",
      "version": "1.0.0",
      "extraneous": true,
      "dependencies": {
        "@aws-sdk/dsql-signer": "^3.0.0",
        "pg": "^8.11.3"
      },
      "devDependencies": {
        "@types/aws-lambda": "^8.10.0",
        "@types/node": "^20.0.0",
        "@types/pg": "^8.10.0",
        "typescript": "^5.3.0"
      }
    },
    "ch03/cdk": {
      "name": "ch02-dat404-cdk",
      "version": "1.0.0",
      "extraneous": true,
      "dependencies": {
        "aws-cdk-lib": "^2.0.0",
        "constructs": "^10.0.0",
        "source-map-support": "^0.5.21"
      },
      "bin": {
        "dat404-cdk": "bin/dat404-cdk.js"
      },
      "devDependencies": {
        "@types/node": "^20.0.0",
        "aws-cdk": "^2.0.0",
        "esbuild": "^0.19.0",
        "ts-node": "^10.9.0",
        "typescript": "^5.0.0"
      }
    },
    "ch03/lambda": {
      "name": "ch02-lambda",
      "version": "1.0.0",
      "extraneous": true,
      "dependencies": {
        "@aws-sdk/dsql-signer": "^3.0.0",
        "pg": "^8.11.3"
      },
      "devDependencies": {
        "@types/aws-lambda": "^8.10.0",
        "@types/node": "^20.0.0",
        "@types/pg": "^8.10.0",
        "typescript": "^5.3.0"
      }
    },
    "ch04/cdk": {
      "name": "ch04-cdk",
      "version": "1.0.0",
      "extraneous": true,
      "dependencies": {
        "aws-cdk-lib": "^2.0.0",
        "constructs": "^10.0.0"
      },
      "bin": {
        "ch04-cdk": "bin/ch04-cdk.js"
      },
      "devDependencies": {
        "@types/node": "^20.0.0",
        "aws-cdk": "^2.0.0",
        "ts-node": "^10.9.0",
        "typescript": "^5.0.0"
      }
    },
    "ch04/lambda": {
      "name": "ch04",
      "version": "1.0.0",
      "extraneous": true,
      "dependencies": {
        "@aws-sdk/dsql-signer": "^3.0.0",
        "@types/aws-lambda": "^8.10.0",
        "postgres": "^3.4.0"
      },
      "devDependencies": {
        "@types/node": "^20.0.0",
        "typescript": "^5.0.0"
      }
    },
    "ch05/cdk": {
      "name": "ch05-cdk",
      "version": "1.0.0",
      "extraneous": true,
      "dependencies": {
        "aws-cdk-lib": "^2.0.0",
        "constructs": "^10.0.0"
      },
      "bin": {
        "ch05-cdk": "bin/ch05-cdk.js"
      },
      "devDependencies": {
        "@types/node": "^20.0.0",
        "aws-cdk": "^2.0.0",
        "ts-node": "^10.9.0",
        "typescript": "^5.0.0"
      }
    },
    "ch05/lambda": {
      "name": "ch05",
      "version": "1.0.0",
      "extraneous": true,
      "dependencies": {
        "@aws-sdk/dsql-signer": "^3.0.0",
        "@types/aws-lambda": "^8.10.0",
        "postgres": "^3.4.0"
      },
      "devDependencies": {
        "@types/node": "^20.0.0",
        "typescript": "^5.0.0"
      }
    },
    "ch06/cdk": {
      "name": "ch06-cdk",
      "version": "1.0.0",
      "extraneous": true,
      "dependencies": {
        "aws-cdk-lib": "^2.0.0",
        "constructs": "^10.0.0"
      },
      "bin": {
        "ch06-cdk": "bin/ch06-cdk.js"
      },
      "devDependencies": {
        "@types/node": "^20.0.0",
        "aws-cdk": "^2.0.0",
        "ts-node": "^10.9.0",
        "typescript": "^5.0.0"
      }
    },
    "ch06/lambda": {
      "name": "ch06",
      "version": "1.0.0",
      "extraneous": true,
      "dependencies": {
        "@aws-sdk/dsql-signer": "^3.0.0",
        "@types/aws-lambda": "^8.10.0",
        "postgres": "^3.4.0"
      },
      "devDependencies": {
        "@types/node": "^20.0.0",
        "typescript": "^5.0.0"
      }
    },
    "ch07/cdk": {
      "name": "ch07-cdk",
      "version": "1.0.0",
      "extraneous": true,
      "dependencies": {
        "aws-cdk-lib": "^2.0.0",
        "constructs": "^10.0.0"
      },
      "bin": {
        "ch07-cdk": "bin/ch07-cdk.js"
      },
      "devDependencies": {
        "@types/node": "^20.0.0",
        "aws-cdk": "^2.0.0",
        "ts-node": "^10.9.0",
        "typescript": "^5.0.0"
      }
    },
    "ch07/lambda": {
      "name": "ch07",
      "version": "1.0.0",
      "extraneous": true,
      "dependencies": {
        "@aws-sdk/dsql-signer": "^3.0.0",
        "@types/aws-lambda": "^8.10.0",
        "postgres": "^3.4.0"
      },
      "devDependencies": {
        "@types/node": "^20.0.0",
        "typescript": "^5.0.0"
      }
    },
    "starter-kit/cdk": {
      "name": "dat404-cdk",
      "version": "1.0.0",
      "extraneous": true,
      "dependencies": {
        "aws-cdk-lib": "^2.0.0",
        "constructs": "^10.0.0",
        "source-map-support": "^0.5.21"
      },
      "bin": {
        "dat404-cdk": "bin/dat404-cdk.js"
      },
      "devDependencies": {
        "@types/node": "^20.0.0",
        "aws-cdk": "^2.0.0",
        "esbuild": "^0.19.0",
        "ts-node": "^10.9.0",
        "typescript": "^5.0.0"
      }
    },
    "starter-kit/lambda": {
      "name": "dat404-lambda",
      "version": "1.0.0",
      "extraneous": true,
      "dependencies": {
        "@aws-sdk/dsql-signer": "^3.0.0",
        "pg": "^8.11.3"
      },
      "devDependencies": {
        "@types/aws-lambda": "^8.10.0",
        "@types/node": "^20.0.0",
        "@types/pg": "^8.10.0",
        "typescript": "^5.3.0"
      }
    }
  }
}
